<?xml version="1.0" encoding="utf-8"?>
<Project ToolsVersion="4.0" xmlns="http://schemas.microsoft.com/developer/msbuild/2003">
  <ItemGroup>
    <Filter Include="Source Files">
      <UniqueIdentifier>{4FC737F1-C7A5-4376-A066-2A32D752A2FF}</UniqueIdentifier>
      <Extensions>cpp;c;cc;cxx;def;odl;idl;hpj;bat;asm;asmx</Extensions>
    </Filter>
    <Filter Include="Header Files">
      <UniqueIdentifier>{93995380-89BD-4b04-88EB-625FBE52EBFB}</UniqueIdentifier>
      <Extensions>h;hpp;hxx;hm;inl;inc;xsd</Extensions>
    </Filter>
    <Filter Include="Resource Files">
      <UniqueIdentifier>{67DA6AB6-F800-4c08-8B7A-83BB121AAD01}</UniqueIdentifier>
      <Extensions>rc;ico;cur;bmp;dlg;rc2;rct;bin;rgs;gif;jpg;jpeg;jpe;resx;tiff;tif;png;wav;mfcribbon-ms</Extensions>
    </Filter>
  </ItemGroup>
  <ItemGroup>
    <ClCompile Include="main.cpp">
      <Filter>Source Files</Filter>
    </ClCompile>
    <ClCompile Include="Materiel.cpp">
      <Filter>Source Files</Filter>
    </ClCompile>
    <ClCompile Include="Machine.cpp">
      <Filter>Source Files</Filter>
    </ClCompile>
    <ClCompile Include="Ordinateur_fixe.cpp">
      <Filter>Source Files</Filter>
    </ClCompile>
    <ClCompile Include="Ordinateur_portable.cpp">
      <Filter>Source Files</Filter>
    </ClCompile>
    <ClCompile Include="Appareil_tactile.cpp">
      <Filter>Source Files</Filter>
    </ClCompile>
    <ClCompile Include="Composant_interne.cpp">
      <Filter>Source Files</Filter>
    </ClCompile>
    <ClCompile Include="Support_stockage.cpp">
      <Filter>Source Files</Filter>
    </ClCompile>
    <ClCompile Include="Peripherique.cpp">
      <Filter>Source Files</Filter>
    </ClCompile>
    <ClCompile Include="Personne.cpp">
      <Filter>Source Files</Filter>
    </ClCompile>
    <ClCompile Include="Client.cpp">
      <Filter>Source Files</Filter>
    </ClCompile>
    <ClCompile Include="Ouvrier.cpp">
      <Filter>Source Files</Filter>
    </ClCompile>
    <ClCompile Include="Societe.cpp">
      <Filter>Source Files</Filter>
    </ClCompile>
  </ItemGroup>
  <ItemGroup>
    <ClInclude Include="Materiel.h">
      <Filter>Header Files</Filter>
    </ClInclude>
    <ClInclude Include="Machine.h">
      <Filter>Header Files</Filter>
    </ClInclude>
    <ClInclude Include="Ordinateur_fixe.h">
      <Filter>Header Files</Filter>
    </ClInclude>
    <ClInclude Include="Ordinateur_portable.h">
      <Filter>Header Files</Filter>
    </ClInclude>
    <ClInclude Include="Appareil_tactile.h">
      <Filter>Header Files</Filter>
    </ClInclude>
    <ClInclude Include="Composant_interne.h">
      <Filter>Header Files</Filter>
    </ClInclude>
    <ClInclude Include="Support_stockage.h">
      <Filter>Header Files</Filter>
    </ClInclude>
    <ClInclude Include="Peripherique.h">
      <Filter>Header Files</Filter>
    </ClInclude>
    <ClInclude Include="Personne.h">
      <Filter>Header Files</Filter>
    </ClInclude>
    <ClInclude Include="Client.h">
      <Filter>Header Files</Filter>
    </ClInclude>
    <ClInclude Include="Ouvrier.h">
      <Filter>Header Files</Filter>
    </ClInclude>
    <ClInclude Include="Societe.h">
      <Filter>Header Files</Filter>
    </ClInclude>
  </ItemGroup>
</Project>